// !$*UTF8*$!
{
	archiveVersion = 1;
	classes = {
	};
	objectVersion = 50;
	objects = {

/* Begin PBXBuildFile section */
		D6B85AA021F466400082EE1D /* AppDelegate.m in Sources */ = {isa = PBXBuildFile; fileRef = D6B85A9F21F466400082EE1D /* AppDelegate.m */; };
		D6B85AA321F466400082EE1D /* ViewController.m in Sources */ = {isa = PBXBuildFile; fileRef = D6B85AA221F466400082EE1D /* ViewController.m */; };
		D6B85AA621F466400082EE1D /* Main.storyboard in Resources */ = {isa = PBXBuildFile; fileRef = D6B85AA421F466400082EE1D /* Main.storyboard */; };
		D6B85AA821F466430082EE1D /* Assets.xcassets in Resources */ = {isa = PBXBuildFile; fileRef = D6B85AA721F466430082EE1D /* Assets.xcassets */; };
		D6B85AAB21F466430082EE1D /* LaunchScreen.storyboard in Resources */ = {isa = PBXBuildFile; fileRef = D6B85AA921F466430082EE1D /* LaunchScreen.storyboard */; };
		D6B85AAE21F466430082EE1D /* main.m in Sources */ = {isa = PBXBuildFile; fileRef = D6B85AAD21F466430082EE1D /* main.m */; };
		D6B85AB721F466890082EE1D /* GHAttributesLabel.m in Sources */ = {isa = PBXBuildFile; fileRef = D6B85AB621F466890082EE1D /* GHAttributesLabel.m */; };
		D6B85ABF21F47AC80082EE1D /* README.md in Resources */ = {isa = PBXBuildFile; fileRef = D6B85ABE21F47AC80082EE1D /* README.md */; };
/* End PBXBuildFile section */

/* Begin PBXFileReference section */
		D6B85A9B21F466400082EE1D /* GHAttributesLabelDemo.app */ = {isa = PBXFileReference; explicitFileType = wrapper.application; includeInIndex = 0; path = GHAttributesLabelDemo.app; sourceTree = BUILT_PRODUCTS_DIR; };
		D6B85A9E21F466400082EE1D /* AppDelegate.h */ = {isa = PBXFileReference; lastKnownFileType = sourcecode.c.h; path = AppDelegate.h; sourceTree = "<group>"; };
		D6B85A9F21F466400082EE1D /* AppDelegate.m */ = {isa = PBXFileReference; lastKnownFileType = sourcecode.c.objc; path = AppDelegate.m; sourceTree = "<group>"; };
		D6B85AA121F466400082EE1D /* ViewController.h */ = {isa = PBXFileReference; lastKnownFileType = sourcecode.c.h; path = ViewController.h; sourceTree = "<group>"; };
		D6B85AA221F466400082EE1D /* ViewController.m */ = {isa = PBXFileReference; lastKnownFileType = sourcecode.c.objc; path = ViewController.m; sourceTree = "<group>"; };
		D6B85AA521F466400082EE1D /* Base */ = {isa = PBXFileReference; lastKnownFileType = file.storyboard; name = Base; path = Base.lproj/Main.storyboard; sourceTree = "<group>"; };
		D6B85AA721F466430082EE1D /* Assets.xcassets */ = {isa = PBXFileReference; lastKnownFileType = folder.assetcatalog; path = Assets.xcassets; sourceTree = "<group>"; };
		D6B85AAA21F466430082EE1D /* Base */ = {isa = PBXFileReference; lastKnownFileType = file.storyboard; name = Base; path = Base.lproj/LaunchScreen.storyboard; sourceTree = "<group>"; };
		D6B85AAC21F466430082EE1D /* Info.plist */ = {isa = PBXFileReference; lastKnownFileType = text.plist.xml; path = Info.plist; sourceTree = "<group>"; };
		D6B85AAD21F466430082EE1D /* main.m */ = {isa = PBXFileReference; lastKnownFileType = sourcecode.c.objc; path = main.m; sourceTree = "<group>"; };
		D6B85AB521F466890082EE1D /* GHAttributesLabel.h */ = {isa = PBXFileReference; lastKnownFileType = sourcecode.c.h; path = GHAttributesLabel.h; sourceTree = "<group>"; };
		D6B85AB621F466890082EE1D /* GHAttributesLabel.m */ = {isa = PBXFileReference; lastKnownFileType = sourcecode.c.objc; path = GHAttributesLabel.m; sourceTree = "<group>"; };
		D6B85ABE21F47AC80082EE1D /* README.md */ = {isa = PBXFileReference; fileEncoding = 4; lastKnownFileType = net.daringfireball.markdown; path = README.md; sourceTree = SOURCE_ROOT; };
/* End PBXFileReference section */

/* Begin PBXFrameworksBuildPhase section */
		D6B85A9821F466400082EE1D /* Frameworks */ = {
			isa = PBXFrameworksBuildPhase;
			buildActionMask = 2147483647;
			files = (
			);
			runOnlyForDeploymentPostprocessing = 0;
		};
/* End PBXFrameworksBuildPhase section */

/* Begin PBXGroup section */
		D6B85A9221F466400082EE1D = {
			isa = PBXGroup;
			children = (
				D6B85A9D21F466400082EE1D /* GHAttributesLabelDemo */,
				D6B85A9C21F466400082EE1D /* Products */,
			);
			sourceTree = "<group>";
		};
		D6B85A9C21F466400082EE1D /* Products */ = {
			isa = PBXGroup;
			children = (
				D6B85A9B21F466400082EE1D /* GHAttributesLabelDemo.app */,
			);
			name = Products;
			sourceTree = "<group>";
		};
		D6B85A9D21F466400082EE1D /* GHAttributesLabelDemo */ = {
			isa = PBXGroup;
			children = (
				D6B85AB421F4667C0082EE1D /* GHAttributesLabel */,
				D6B85A9E21F466400082EE1D /* AppDelegate.h */,
				D6B85A9F21F466400082EE1D /* AppDelegate.m */,
				D6B85AA121F466400082EE1D /* ViewController.h */,
				D6B85AA221F466400082EE1D /* ViewController.m */,
				D6B85AA421F466400082EE1D /* Main.storyboard */,
				D6B85AA721F466430082EE1D /* Assets.xcassets */,
				D6B85AA921F466430082EE1D /* LaunchScreen.storyboard */,
				D6B85AAC21F466430082EE1D /* Info.plist */,
				D6B85AAD21F466430082EE1D /* main.m */,
			);
			path = GHAttributesLabelDemo;
			sourceTree = "<group>";
		};
		D6B85AB421F4667C0082EE1D /* GHAttributesLabel */ = {
			isa = PBXGroup;
			children = (
				D6B85ABE21F47AC80082EE1D /* README.md */,
				D6B85AB521F466890082EE1D /* GHAttributesLabel.h */,
				D6B85AB621F466890082EE1D /* GHAttributesLabel.m */,
			);
			path = GHAttributesLabel;
			sourceTree = SOURCE_ROOT;
		};
/* End PBXGroup section */

/* Begin PBXNativeTarget section */
		D6B85A9A21F466400082EE1D /* GHAttributesLabelDemo */ = {
			isa = PBXNativeTarget;
			buildConfigurationList = D6B85AB121F466430082EE1D /* Build configuration list for PBXNativeTarget "GHAttributesLabelDemo" */;
			buildPhases = (
				D6B85A9721F466400082EE1D /* Sources */,
				D6B85A9821F466400082EE1D /* Frameworks */,
				D6B85A9921F466400082EE1D /* Resources */,
			);
			buildRules = (
			);
			dependencies = (
			);
			name = GHAttributesLabelDemo;
			productName = GHAttributesLabelDemo;
			productReference = D6B85A9B21F466400082EE1D /* GHAttributesLabelDemo.app */;
			productType = "com.apple.product-type.application";
		};
/* End PBXNativeTarget section */

/* Begin PBXProject section */
		D6B85A9321F466400082EE1D /* Project object */ = {
			isa = PBXProject;
			attributes = {
				LastUpgradeCheck = 1010;
				ORGANIZATIONNAME = GHome;
				TargetAttributes = {
					D6B85A9A21F466400082EE1D = {
						CreatedOnToolsVersion = 10.1;
					};
				};
			};
			buildConfigurationList = D6B85A9621F466400082EE1D /* Build configuration list for PBXProject "GHAttributesLabelDemo" */;
			compatibilityVersion = "Xcode 9.3";
			developmentRegion = en;
			hasScannedForEncodings = 0;
			knownRegions = (
				en,
				Base,
			);
			mainGroup = D6B85A9221F466400082EE1D;
			productRefGroup = D6B85A9C21F466400082EE1D /* Products */;
			projectDirPath = "";
			projectRoot = "";
			targets = (
				D6B85A9A21F466400082EE1D /* GHAttributesLabelDemo */,
			);
		};
/* End PBXProject section */

/* Begin PBXResourcesBuildPhase section */
		D6B85A9921F466400082EE1D /* Resources */ = {
			isa = PBXResourcesBuildPhase;
			buildActionMask = 2147483647;
			files = (
				D6B85AAB21F466430082EE1D /* LaunchScreen.storyboard in Resources */,
				D6B85AA821F466430082EE1D /* Assets.xcassets in Resources */,
				D6B85ABF21F47AC80082EE1D /* README.md in Resources */,
				D6B85AA621F466400082EE1D /* Main.storyboard in Resources */,
			);
			runOnlyForDeploymentPostprocessing = 0;
		};
/* End PBXResourcesBuildPhase section */

/* Begin PBXSourcesBuildPhase section */
		D6B85A9721F466400082EE1D /* Sources */ = {
			isa = PBXSourcesBuildPhase;
			buildActionMask = 2147483647;
			files = (
				D6B85AB721F466890082EE1D /* GHAttributesLabel.m in Sources */,
				D6B85AA321F466400082EE1D /* ViewController.m in Sources */,
				D6B85AAE21F466430082EE1D /* main.m in Sources */,
				D6B85AA021F466400082EE1D /* AppDelegate.m in Sources */,
			);
			runOnlyForDeploymentPostprocessing = 0;
		};
/* End PBXSourcesBuildPhase section */

/* Begin PBXVariantGroup section */
		D6B85AA421F466400082EE1D /* Main.storyboard */ = {
			isa = PBXVariantGroup;
			children = (
				D6B85AA521F466400082EE1D /* Base */,
			);
			name = Main.storyboard;
			sourceTree = "<group>";
		};
		D6B85AA921F466430082EE1D /* LaunchScreen.storyboard */ = {
			isa = PBXVariantGroup;
			children = (
				D6B85AAA21F466430082EE1D /* Base */,
			);
			name = LaunchScreen.storyboard;
			sourceTree = "<group>";
		};
/* End PBXVariantGroup section */

/* Begin XCBuildConfiguration section */
		D6B85AAF21F466430082EE1D /* Debug */ = {
			isa = XCBuildConfiguration;
			buildSettings = {
				ALWAYS_SEARCH_USER_PATHS = NO;
				CLANG_ANALYZER_NONNULL = YES;
				CLANG_ANALYZER_NUMBER_OBJECT_CONVERSION = YES_AGGRESSIVE;
				CLANG_CXX_LANGUAGE_STANDARD = "gnu++14";
				CLANG_CXX_LIBRARY = "libc++";
				CLANG_ENABLE_MODULES = YES;
				CLANG_ENABLE_OBJC_ARC = YES;
				CLANG_ENABLE_OBJC_WEAK = YES;
				CLANG_WARN_BLOCK_CAPTURE_AUTORELEASING = YES;
				CLANG_WARN_BOOL_CONVERSION = YES;
				CLANG_WARN_COMMA = YES;
				CLANG_WARN_CONSTANT_CONVERSION = YES;
				CLANG_WARN_DEPRECATED_OBJC_IMPLEMENTATIONS = YES;
				CLANG_WARN_DIRECT_OBJC_ISA_USAGE = YES_ERROR;
				CLANG_WARN_DOCUMENTATION_COMMENTS = YES;
				CLANG_WARN_EMPTY_BODY = YES;
				CLANG_WARN_ENUM_CONVERSION = YES;
				CLANG_WARN_INFINITE_RECURSION = YES;
				CLANG_WARN_INT_CONVERSION = YES;
				CLANG_WARN_NON_LITERAL_NULL_CONVERSION = YES;
				CLANG_WARN_OBJC_IMPLICIT_RETAIN_SELF = YES;
				CLANG_WARN_OBJC_LITERAL_CONVERSION = YES;
				CLANG_WARN_OBJC_ROOT_CLASS = YES_ERROR;
				CLANG_WARN_RANGE_LOOP_ANALYSIS = YES;
				CLANG_WARN_STRICT_PROTOTYPES = YES;
				CLANG_WARN_SUSPICIOUS_MOVE = YES;
				CLANG_WARN_UNGUARDED_AVAILABILITY = YES_AGGRESSIVE;
				CLANG_WARN_UNREACHABLE_CODE = YES;
				CLANG_WARN__DUPLICATE_METHOD_MATCH = YES;
				CODE_SIGN_IDENTITY = "iPhone Developer";
				COPY_PHASE_STRIP = NO;
				DEBUG_INFORMATION_FORMAT = dwarf;
				ENABLE_STRICT_OBJC_MSGSEND = YES;
				ENABLE_TESTABILITY = YES;
				GCC_C_LANGUAGE_STANDARD = gnu11;
				GCC_DYNAMIC_NO_PIC = NO;
				GCC_NO_COMMON_BLOCKS = YES;
				GCC_OPTIMIZATION_LEVEL = 0;
				GCC_PREPROCESSOR_DEFINITIONS = (
					"DEBUG=1",
					"$(inherited)",
				);
				GCC_WARN_64_TO_32_BIT_CONVERSION = YES;
				GCC_WARN_ABOUT_RETURN_TYPE = YES_ERROR;
				GCC_WARN_UNDECLARED_SELECTOR = YES;
				GCC_WARN_UNINITIALIZED_AUTOS = YES_AGGRESSIVE;
				GCC_WARN_UNUSED_FUNCTION = YES;
				GCC_WARN_UNUSED_VARIABLE = YES;
				IPHONEOS_DEPLOYMENT_TARGET = 12.1;
				MTL_ENABLE_DEBUG_INFO = INCLUDE_SOURCE;
				MTL_FAST_MATH = YES;
				ONLY_ACTIVE_ARCH = YES;
				SDKROOT = iphoneos;
			};
			name = Debug;
		};
		D6B85AB021F466430082EE1D /* Release */ = {
			isa = XCBuildConfiguration;
			buildSettings = {
				ALWAYS_SEARCH_USER_PATHS = NO;
				CLANG_ANALYZER_NONNULL = YES;
				CLANG_ANALYZER_NUMBER_OBJECT_CONVERSION = YES_AGGRESSIVE;
				CLANG_CXX_LANGUAGE_STANDARD = "gnu++14";
				CLANG_CXX_LIBRARY = "libc++";
				CLANG_ENABLE_MODULES = YES;
				CLANG_ENABLE_OBJC_ARC = YES;
				CLANG_ENABLE_OBJC_WEAK = YES;
				CLANG_WARN_BLOCK_CAPTURE_AUTORELEASING = YES;
				CLANG_WARN_BOOL_CONVERSION = YES;
				CLANG_WARN_COMMA = YES;
				CLANG_WARN_CONSTANT_CONVERSION = YES;
				CLANG_WARN_DEPRECATED_OBJC_IMPLEMENTATIONS = YES;
				CLANG_WARN_DIRECT_OBJC_ISA_USAGE = YES_ERROR;
				CLANG_WARN_DOCUMENTATION_COMMENTS = YES;
				CLANG_WARN_EMPTY_BODY = YES;
				CLANG_WARN_ENUM_CONVERSION = YES;
				CLANG_WARN_INFINITE_RECURSION = YES;
				CLANG_WARN_INT_CONVERSION = YES;
				CLANG_WARN_NON_LITERAL_NULL_CONVERSION = YES;
				CLANG_WARN_OBJC_IMPLICIT_RETAIN_SELF = YES;
				CLANG_WARN_OBJC_LITERAL_CONVERSION = YES;
				CLANG_WARN_OBJC_ROOT_CLASS = YES_ERROR;
				CLANG_WARN_RANGE_LOOP_ANALYSIS = YES;
				CLANG_WARN_STRICT_PROTOTYPES = YES;
				CLANG_WARN_SUSPICIOUS_MOVE = YES;
				CLANG_WARN_UNGUARDED_AVAILABILITY = YES_AGGRESSIVE;
				CLANG_WARN_UNREACHABLE_CODE = YES;
				CLANG_WARN__DUPLICATE_METHOD_MATCH = YES;
				CODE_SIGN_IDENTITY = "iPhone Developer";
				COPY_PHASE_STRIP = NO;
				DEBUG_INFORMATION_FORMAT = "dwarf-with-dsym";
				ENABLE_NS_ASSERTIONS = NO;
				ENABLE_STRICT_OBJC_MSGSEND = YES;
				GCC_C_LANGUAGE_STANDARD = gnu11;
				GCC_NO_COMMON_BLOCKS = YES;
				GCC_WARN_64_TO_32_BIT_CONVERSION = YES;
				GCC_WARN_ABOUT_RETURN_TYPE = YES_ERROR;
				GCC_WARN_UNDECLARED_SELECTOR = YES;
				GCC_WARN_UNINITIALIZED_AUTOS = YES_AGGRESSIVE;
				GCC_WARN_UNUSED_FUNCTION = YES;
				GCC_WARN_UNUSED_VARIABLE = YES;
				IPHONEOS_DEPLOYMENT_TARGET = 12.1;
				MTL_ENABLE_DEBUG_INFO = NO;
				MTL_FAST_MATH = YES;
				SDKROOT = iphoneos;
				VALIDATE_PRODUCT = YES;
			};
			name = Release;
		};
		D6B85AB221F466430082EE1D /* Debug */ = {
			isa = XCBuildConfiguration;
			buildSettings = {
				ASSETCATALOG_COMPILER_APPICON_NAME = AppIcon;
				CODE_SIGN_STYLE = Automatic;
				DEVELOPMENT_TEAM = KZ9JB9ZT4S;
				INFOPLIST_FILE = GHAttributesLabelDemo/Info.plist;
				IPHONEOS_DEPLOYMENT_TARGET = 10.0;
				LD_RUNPATH_SEARCH_PATHS = (
					"$(inherited)",
					"@executable_path/Frameworks",
				);
				PRODUCT_BUNDLE_IDENTIFIER = GHome.GHAttributesLabelDemo;
				PRODUCT_NAME = "$(TARGET_NAME)";
				TARGETED_DEVICE_FAMILY = "1,2";
			};
			name = Debug;
		};
		D6B85AB321F466430082EE1D /* Release */ = {
			isa = XCBuildConfiguration;
			buildSettings = {
				ASSETCATALOG_COMPILER_APPICON_NAME = AppIcon;
				CODE_SIGN_STYLE = Automatic;
				DEVELOPMENT_TEAM = KZ9JB9ZT4S;
				INFOPLIST_FILE = GHAttributesLabelDemo/Info.plist;
				IPHONEOS_DEPLOYMENT_TARGET = 10.0;
				LD_RUNPATH_SEARCH_PATHS = (
					"$(inherited)",
					"@executable_path/Frameworks",
				);
				PRODUCT_BUNDLE_IDENTIFIER = GHome.GHAttributesLabelDemo;
				PRODUCT_NAME = "$(TARGET_NAME)";
				TARGETED_DEVICE_FAMILY = "1,2";
			};
			name = Release;
		};
/* End XCBuildConfiguration section */

/* Begin XCConfigurationList section */
		D6B85A9621F466400082EE1D /* Build configuration list for PBXProject "GHAttributesLabelDemo" */ = {
			isa = XCConfigurationList;
			buildConfigurations = (
				D6B85AAF21F466430082EE1D /* Debug */,
				D6B85AB021F466430082EE1D /* Release */,
			);
			defaultConfigurationIsVisible = 0;
			defaultConfigurationName = Release;
		};
		D6B85AB121F466430082EE1D /* Build configuration list for PBXNativeTarget "GHAttributesLabelDemo" */ = {
			isa = XCConfigurationList;
			buildConfigurations = (
				D6B85AB221F466430082EE1D /* Debug */,
				D6B85AB321F466430082EE1D /* Release */,
			);
			defaultConfigurationIsVisible = 0;
			defaultConfigurationName = Release;
		};
/* End XCConfigurationList section */
	};
	rootObject = D6B85A9321F466400082EE1D /* Project object */;
}
